
Microsoft Visual Studio Solution File, Format Version 12.00
# Visual Studio 15
VisualStudioVersion = 15.0.26730.16
MinimumVisualStudioVersion = 10.0.40219.1
Project("{FAE04EC0-301F-11D3-BF4B-00C04F79EFBC}") = "Bai01", "Bai01\Bai01.csproj", "{61DFF612-C1AC-4774-ACF5-3EE04F735845}"
EndProject
Project("{FAE04EC0-301F-11D3-BF4B-00C04F79EFBC}") = "Bai02", "Bai02\Bai02.csproj", "{9F5337EA-B17B-460E-B4B1-D738B2890ADC}"
EndProject
Global
	GlobalSection(SolutionConfigurationPlatforms) = preSolution
		Debug|Any CPU = Debug|Any CPU
		Release|Any CPU = Release|Any CPU
	EndGlobalSection
	GlobalSection(ProjectConfigurationPlatforms) = postSolution
		{61DFF612-C1AC-4774-ACF5-3EE04F735845}.Debug|Any CPU.ActiveCfg = Debug|Any CPU
		{61DFF612-C1AC-4774-ACF5-3EE04F735845}.Debug|Any CPU.Build.0 = Debug|Any CPU
		{61DFF612-C1AC-4774-ACF5-3EE04F735845}.Release|Any CPU.ActiveCfg = Release|Any CPU
		{61DFF612-C1AC-4774-ACF5-3EE04F735845}.Release|Any CPU.Build.0 = Release|Any CPU
		{9F5337EA-B17B-460E-B4B1-D738B2890ADC}.Debug|Any CPU.ActiveCfg = Debug|Any CPU
		{9F5337EA-B17B-460E-B4B1-D738B2890ADC}.Debug|Any CPU.Build.0 = Debug|Any CPU
		{9F5337EA-B17B-460E-B4B1-D738B2890ADC}.Release|Any CPU.ActiveCfg = Release|Any CPU
		{9F5337EA-B17B-460E-B4B1-D738B2890ADC}.Release|Any CPU.Build.0 = Release|Any CPU
	EndGlobalSection
	GlobalSection(SolutionProperties) = preSolution
		HideSolutionNode = FALSE
	EndGlobalSection
	GlobalSection(ExtensibilityGlobals) = postSolution
		SolutionGuid = {66650311-ECFD-4E15-B65C-96C809285118}
	EndGlobalSection
EndGlobal
